{
  "name": "@lisk/core-p2p",
  "version": "1.0.0",
  "lockfileVersion": 1,
  "requires": true,
  "dependencies": {
    "@lisk/core-utils": {
      "version": "1.0.0",
      "requires": {
        "axon": "2.0.3",
        "bluebird": "3.5.1"
      },
      "dependencies": {
        "amp": {
          "version": "0.3.1",
          "bundled": true
        },
        "amp-message": {
          "version": "0.1.2",
          "bundled": true,
          "requires": {
            "amp": "0.3.1"
          }
        },
        "axon": {
          "version": "2.0.3",
          "bundled": true,
          "requires": {
            "amp": "0.3.1",
            "amp-message": "0.1.2",
            "configurable": "0.0.1",
            "debug": "3.1.0",
            "escape-regexp": "0.0.1"
          }
        },
        "bluebird": {
          "version": "3.5.1",
          "bundled": true
        },
        "configurable": {
          "version": "0.0.1",
          "bundled": true
        },
        "debug": {
          "version": "3.1.0",
          "bundled": true,
          "requires": {
            "ms": "2.0.0"
          }
        },
        "escape-regexp": {
          "version": "0.0.1",
          "bundled": true
        },
        "ms": {
          "version": "2.0.0",
          "bundled": true
        }
      }
    }
  }
}
